
Microsoft Visual Studio Solution File, Format Version 12.00
# Visual Studio Version 16
VisualStudioVersion = 16.0.30011.22
MinimumVisualStudioVersion = 10.0.40219.1
Project("{FAE04EC0-301F-11D3-BF4B-00C04F79EFBC}") = "WindowsFormsApp1", "WindowsFormsApp1\WindowsFormsApp1.csproj", "{21A5EEEE-A85D-414F-BA6E-2A03536B82CF}"
EndProject
Global
	GlobalSection(SolutionConfigurationPlatforms) = preSolution
		Debug|Any CPU = Debug|Any CPU
		Release|Any CPU = Release|Any CPU
	EndGlobalSection
	GlobalSection(ProjectConfigurationPlatforms) = postSolution
		{21A5EEEE-A85D-414F-BA6E-2A03536B82CF}.Debug|Any CPU.ActiveCfg = Debug|Any CPU
		{21A5EEEE-A85D-414F-BA6E-2A03536B82CF}.Debug|Any CPU.Build.0 = Debug|Any CPU
		{21A5EEEE-A85D-414F-BA6E-2A03536B82CF}.Release|Any CPU.ActiveCfg = Release|Any CPU
		{21A5EEEE-A85D-414F-BA6E-2A03536B82CF}.Release|Any CPU.Build.0 = Release|Any CPU
	EndGlobalSection
	GlobalSection(SolutionProperties) = preSolution
		HideSolutionNode = FALSE
	EndGlobalSection
	GlobalSection(ExtensibilityGlobals) = postSolution
		SolutionGuid = {BC6871EC-001A-44F8-9930-4C804FEE7CED}
	EndGlobalSection
EndGlobal
